
Microsoft Visual Studio Solution File, Format Version 12.00
# Visual Studio Version 16
VisualStudioVersion = 16.0.34031.81
MinimumVisualStudioVersion = 10.0.40219.1
Project("{8BC9CEB8-8B4A-11D0-8D11-00A0C91BC942}") = "Client", "Client\Client.vcxproj", "{5E04161B-F33E-4ECD-AB83-8D87E5E5D227}"
EndProject
Global
	GlobalSection(SolutionConfigurationPlatforms) = preSolution
		Debug|x64 = Debug|x64
		Debug|x86 = Debug|x86
		Release|x64 = Release|x64
		Release|x86 = Release|x86
	EndGlobalSection
	GlobalSection(ProjectConfigurationPlatforms) = postSolution
		{5E04161B-F33E-4ECD-AB83-8D87E5E5D227}.Debug|x64.ActiveCfg = Debug|x64
		{5E04161B-F33E-4ECD-AB83-8D87E5E5D227}.Debug|x64.Build.0 = Debug|x64
		{5E04161B-F33E-4ECD-AB83-8D87E5E5D227}.Debug|x86.ActiveCfg = Debug|Win32
		{5E04161B-F33E-4ECD-AB83-8D87E5E5D227}.Debug|x86.Build.0 = Debug|Win32
		{5E04161B-F33E-4ECD-AB83-8D87E5E5D227}.Release|x64.ActiveCfg = Release|x64
		{5E04161B-F33E-4ECD-AB83-8D87E5E5D227}.Release|x64.Build.0 = Release|x64
		{5E04161B-F33E-4ECD-AB83-8D87E5E5D227}.Release|x86.ActiveCfg = Release|Win32
		{5E04161B-F33E-4ECD-AB83-8D87E5E5D227}.Release|x86.Build.0 = Release|Win32
	EndGlobalSection
	GlobalSection(SolutionProperties) = preSolution
		HideSolutionNode = FALSE
	EndGlobalSection
	GlobalSection(ExtensibilityGlobals) = postSolution
		SolutionGuid = {349FFDF0-40DB-45DB-9608-EA2BB3B95956}
	EndGlobalSection
EndGlobal
